// !$*UTF8*$!
{
	archiveVersion = 1;
	classes = {
	};
	objectVersion = 56;
	objects = {

/* Begin PBXBuildFile section */
		96B306F92A86B21E002F0A2A /* testProjectApp.swift in Sources */ = {isa = PBXBuildFile; fileRef = 96B306F82A86B21E002F0A2A /* testProjectApp.swift */; };
		96B306FB2A86B21E002F0A2A /* ContentView.swift in Sources */ = {isa = PBXBuildFile; fileRef = 96B306FA2A86B21E002F0A2A /* ContentView.swift */; };
		96B306FD2A86B221002F0A2A /* Assets.xcassets in Resources */ = {isa = PBXBuildFile; fileRef = 96B306FC2A86B221002F0A2A /* Assets.xcassets */; };
		96B307072A8A4CD7002F0A2A /* StoriesListView.swift in Sources */ = {isa = PBXBuildFile; fileRef = 96B307062A8A4CD7002F0A2A /* StoriesListView.swift */; };
		96B307092A8A7248002F0A2A /* DataStories.swift in Sources */ = {isa = PBXBuildFile; fileRef = 96B307082A8A7248002F0A2A /* DataStories.swift */; };
		96B3070B2A8A95AD002F0A2A /* BannersListView.swift in Sources */ = {isa = PBXBuildFile; fileRef = 96B3070A2A8A95AD002F0A2A /* BannersListView.swift */; };
		96B3070F2A8A96AD002F0A2A /* DataBanners.swift in Sources */ = {isa = PBXBuildFile; fileRef = 96B3070E2A8A96AD002F0A2A /* DataBanners.swift */; };
		96B307112A8A9C27002F0A2A /* previewAssets.xcassets in Resources */ = {isa = PBXBuildFile; fileRef = 96B307102A8A9C27002F0A2A /* previewAssets.xcassets */; };
		96B307132A8AB57E002F0A2A /* BonusView.swift in Sources */ = {isa = PBXBuildFile; fileRef = 96B307122A8AB57E002F0A2A /* BonusView.swift */; };
		96B307152A8AB959002F0A2A /* DataBonus.swift in Sources */ = {isa = PBXBuildFile; fileRef = 96B307142A8AB959002F0A2A /* DataBonus.swift */; };
		96B307172A8AC341002F0A2A /* DataOffers.swift in Sources */ = {isa = PBXBuildFile; fileRef = 96B307162A8AC341002F0A2A /* DataOffers.swift */; };
		96B307192A8AC377002F0A2A /* OffersView.swift in Sources */ = {isa = PBXBuildFile; fileRef = 96B307182A8AC377002F0A2A /* OffersView.swift */; };
		96B3071B2A8ACB4E002F0A2A /* DataRecommend.swift in Sources */ = {isa = PBXBuildFile; fileRef = 96B3071A2A8ACB4E002F0A2A /* DataRecommend.swift */; };
		96B3071D2A8ACBEC002F0A2A /* RecommendView.swift in Sources */ = {isa = PBXBuildFile; fileRef = 96B3071C2A8ACBEC002F0A2A /* RecommendView.swift */; };
		96B3071F2A8AD171002F0A2A /* SweetView.swift in Sources */ = {isa = PBXBuildFile; fileRef = 96B3071E2A8AD171002F0A2A /* SweetView.swift */; };
		96B307212A8AD198002F0A2A /* DataSweet.swift in Sources */ = {isa = PBXBuildFile; fileRef = 96B307202A8AD198002F0A2A /* DataSweet.swift */; };
/* End PBXBuildFile section */

/* Begin PBXFileReference section */
		96B306F52A86B21E002F0A2A /* testProject.app */ = {isa = PBXFileReference; explicitFileType = wrapper.application; includeInIndex = 0; path = testProject.app; sourceTree = BUILT_PRODUCTS_DIR; };
		96B306F82A86B21E002F0A2A /* testProjectApp.swift */ = {isa = PBXFileReference; lastKnownFileType = sourcecode.swift; path = testProjectApp.swift; sourceTree = "<group>"; };
		96B306FA2A86B21E002F0A2A /* ContentView.swift */ = {isa = PBXFileReference; lastKnownFileType = sourcecode.swift; path = ContentView.swift; sourceTree = "<group>"; };
		96B306FC2A86B221002F0A2A /* Assets.xcassets */ = {isa = PBXFileReference; lastKnownFileType = folder.assetcatalog; path = Assets.xcassets; sourceTree = "<group>"; };
		96B307062A8A4CD7002F0A2A /* StoriesListView.swift */ = {isa = PBXFileReference; lastKnownFileType = sourcecode.swift; path = StoriesListView.swift; sourceTree = "<group>"; };
		96B307082A8A7248002F0A2A /* DataStories.swift */ = {isa = PBXFileReference; lastKnownFileType = sourcecode.swift; path = DataStories.swift; sourceTree = "<group>"; };
		96B3070A2A8A95AD002F0A2A /* BannersListView.swift */ = {isa = PBXFileReference; lastKnownFileType = sourcecode.swift; path = BannersListView.swift; sourceTree = "<group>"; };
		96B3070E2A8A96AD002F0A2A /* DataBanners.swift */ = {isa = PBXFileReference; lastKnownFileType = sourcecode.swift; path = DataBanners.swift; sourceTree = "<group>"; };
		96B307102A8A9C27002F0A2A /* previewAssets.xcassets */ = {isa = PBXFileReference; lastKnownFileType = folder.assetcatalog; path = previewAssets.xcassets; sourceTree = "<group>"; };
		96B307122A8AB57E002F0A2A /* BonusView.swift */ = {isa = PBXFileReference; lastKnownFileType = sourcecode.swift; path = BonusView.swift; sourceTree = "<group>"; };
		96B307142A8AB959002F0A2A /* DataBonus.swift */ = {isa = PBXFileReference; lastKnownFileType = sourcecode.swift; path = DataBonus.swift; sourceTree = "<group>"; };
		96B307162A8AC341002F0A2A /* DataOffers.swift */ = {isa = PBXFileReference; lastKnownFileType = sourcecode.swift; path = DataOffers.swift; sourceTree = "<group>"; };
		96B307182A8AC377002F0A2A /* OffersView.swift */ = {isa = PBXFileReference; lastKnownFileType = sourcecode.swift; path = OffersView.swift; sourceTree = "<group>"; };
		96B3071A2A8ACB4E002F0A2A /* DataRecommend.swift */ = {isa = PBXFileReference; lastKnownFileType = sourcecode.swift; path = DataRecommend.swift; sourceTree = "<group>"; };
		96B3071C2A8ACBEC002F0A2A /* RecommendView.swift */ = {isa = PBXFileReference; lastKnownFileType = sourcecode.swift; path = RecommendView.swift; sourceTree = "<group>"; };
		96B3071E2A8AD171002F0A2A /* SweetView.swift */ = {isa = PBXFileReference; lastKnownFileType = sourcecode.swift; path = SweetView.swift; sourceTree = "<group>"; };
		96B307202A8AD198002F0A2A /* DataSweet.swift */ = {isa = PBXFileReference; lastKnownFileType = sourcecode.swift; path = DataSweet.swift; sourceTree = "<group>"; };
/* End PBXFileReference section */

/* Begin PBXFrameworksBuildPhase section */
		96B306F22A86B21E002F0A2A /* Frameworks */ = {
			isa = PBXFrameworksBuildPhase;
			buildActionMask = 2147483647;
			files = (
			);
			runOnlyForDeploymentPostprocessing = 0;
		};
/* End PBXFrameworksBuildPhase section */

/* Begin PBXGroup section */
		96B306EC2A86B21E002F0A2A = {
			isa = PBXGroup;
			children = (
				96B3070C2A8A95B8002F0A2A /* Views */,
				96B3070D2A8A9684002F0A2A /* Data */,
				96B306F72A86B21E002F0A2A /* testProject */,
				96B306F62A86B21E002F0A2A /* Products */,
			);
			sourceTree = "<group>";
		};
		96B306F62A86B21E002F0A2A /* Products */ = {
			isa = PBXGroup;
			children = (
				96B306F52A86B21E002F0A2A /* testProject.app */,
			);
			name = Products;
			sourceTree = "<group>";
		};
		96B306F72A86B21E002F0A2A /* testProject */ = {
			isa = PBXGroup;
			children = (
				96B306F82A86B21E002F0A2A /* testProjectApp.swift */,
				96B306FC2A86B221002F0A2A /* Assets.xcassets */,
				96B306FE2A86B221002F0A2A /* Preview Content */,
			);
			path = testProject;
			sourceTree = "<group>";
		};
		96B306FE2A86B221002F0A2A /* Preview Content */ = {
			isa = PBXGroup;
			children = (
				96B307102A8A9C27002F0A2A /* previewAssets.xcassets */,
			);
			path = "Preview Content";
			sourceTree = "<group>";
		};
		96B3070C2A8A95B8002F0A2A /* Views */ = {
			isa = PBXGroup;
			children = (
				96B306FA2A86B21E002F0A2A /* ContentView.swift */,
				96B307062A8A4CD7002F0A2A /* StoriesListView.swift */,
				96B3070A2A8A95AD002F0A2A /* BannersListView.swift */,
				96B307122A8AB57E002F0A2A /* BonusView.swift */,
				96B307182A8AC377002F0A2A /* OffersView.swift */,
				96B3071C2A8ACBEC002F0A2A /* RecommendView.swift */,
				96B3071E2A8AD171002F0A2A /* SweetView.swift */,
			);
			path = Views;
			sourceTree = "<group>";
		};
		96B3070D2A8A9684002F0A2A /* Data */ = {
			isa = PBXGroup;
			children = (
				96B307082A8A7248002F0A2A /* DataStories.swift */,
				96B3070E2A8A96AD002F0A2A /* DataBanners.swift */,
				96B307142A8AB959002F0A2A /* DataBonus.swift */,
				96B307162A8AC341002F0A2A /* DataOffers.swift */,
				96B3071A2A8ACB4E002F0A2A /* DataRecommend.swift */,
				96B307202A8AD198002F0A2A /* DataSweet.swift */,
			);
			path = Data;
			sourceTree = "<group>";
		};
/* End PBXGroup section */

/* Begin PBXNativeTarget section */
		96B306F42A86B21E002F0A2A /* testProject */ = {
			isa = PBXNativeTarget;
			buildConfigurationList = 96B307032A86B221002F0A2A /* Build configuration list for PBXNativeTarget "testProject" */;
			buildPhases = (
				96B306F12A86B21E002F0A2A /* Sources */,
				96B306F22A86B21E002F0A2A /* Frameworks */,
				96B306F32A86B21E002F0A2A /* Resources */,
			);
			buildRules = (
			);
			dependencies = (
			);
			name = testProject;
			productName = testProject;
			productReference = 96B306F52A86B21E002F0A2A /* testProject.app */;
			productType = "com.apple.product-type.application";
		};
/* End PBXNativeTarget section */

/* Begin PBXProject section */
		96B306ED2A86B21E002F0A2A /* Project object */ = {
			isa = PBXProject;
			attributes = {
				BuildIndependentTargetsInParallel = 1;
				LastSwiftUpdateCheck = 1420;
				LastUpgradeCheck = 1420;
				TargetAttributes = {
					96B306F42A86B21E002F0A2A = {
						CreatedOnToolsVersion = 14.2;
					};
				};
			};
			buildConfigurationList = 96B306F02A86B21E002F0A2A /* Build configuration list for PBXProject "testProject" */;
			compatibilityVersion = "Xcode 14.0";
			developmentRegion = en;
			hasScannedForEncodings = 0;
			knownRegions = (
				en,
				Base,
			);
			mainGroup = 96B306EC2A86B21E002F0A2A;
			productRefGroup = 96B306F62A86B21E002F0A2A /* Products */;
			projectDirPath = "";
			projectRoot = "";
			targets = (
				96B306F42A86B21E002F0A2A /* testProject */,
			);
		};
/* End PBXProject section */

/* Begin PBXResourcesBuildPhase section */
		96B306F32A86B21E002F0A2A /* Resources */ = {
			isa = PBXResourcesBuildPhase;
			buildActionMask = 2147483647;
			files = (
				96B306FD2A86B221002F0A2A /* Assets.xcassets in Resources */,
				96B307112A8A9C27002F0A2A /* previewAssets.xcassets in Resources */,
			);
			runOnlyForDeploymentPostprocessing = 0;
		};
/* End PBXResourcesBuildPhase section */

/* Begin PBXSourcesBuildPhase section */
		96B306F12A86B21E002F0A2A /* Sources */ = {
			isa = PBXSourcesBuildPhase;
			buildActionMask = 2147483647;
			files = (
				96B306FB2A86B21E002F0A2A /* ContentView.swift in Sources */,
				96B3071B2A8ACB4E002F0A2A /* DataRecommend.swift in Sources */,
				96B307172A8AC341002F0A2A /* DataOffers.swift in Sources */,
				96B3070F2A8A96AD002F0A2A /* DataBanners.swift in Sources */,
				96B3070B2A8A95AD002F0A2A /* BannersListView.swift in Sources */,
				96B307152A8AB959002F0A2A /* DataBonus.swift in Sources */,
				96B307192A8AC377002F0A2A /* OffersView.swift in Sources */,
				96B3071D2A8ACBEC002F0A2A /* RecommendView.swift in Sources */,
				96B3071F2A8AD171002F0A2A /* SweetView.swift in Sources */,
				96B306F92A86B21E002F0A2A /* testProjectApp.swift in Sources */,
				96B307072A8A4CD7002F0A2A /* StoriesListView.swift in Sources */,
				96B307132A8AB57E002F0A2A /* BonusView.swift in Sources */,
				96B307212A8AD198002F0A2A /* DataSweet.swift in Sources */,
				96B307092A8A7248002F0A2A /* DataStories.swift in Sources */,
			);
			runOnlyForDeploymentPostprocessing = 0;
		};
/* End PBXSourcesBuildPhase section */

/* Begin XCBuildConfiguration section */
		96B307012A86B221002F0A2A /* Debug */ = {
			isa = XCBuildConfiguration;
			buildSettings = {
				ALWAYS_SEARCH_USER_PATHS = NO;
				CLANG_ANALYZER_NONNULL = YES;
				CLANG_ANALYZER_NUMBER_OBJECT_CONVERSION = YES_AGGRESSIVE;
				CLANG_CXX_LANGUAGE_STANDARD = "gnu++20";
				CLANG_ENABLE_MODULES = YES;
				CLANG_ENABLE_OBJC_ARC = YES;
				CLANG_ENABLE_OBJC_WEAK = YES;
				CLANG_WARN_BLOCK_CAPTURE_AUTORELEASING = YES;
				CLANG_WARN_BOOL_CONVERSION = YES;
				CLANG_WARN_COMMA = YES;
				CLANG_WARN_CONSTANT_CONVERSION = YES;
				CLANG_WARN_DEPRECATED_OBJC_IMPLEMENTATIONS = YES;
				CLANG_WARN_DIRECT_OBJC_ISA_USAGE = YES_ERROR;
				CLANG_WARN_DOCUMENTATION_COMMENTS = YES;
				CLANG_WARN_EMPTY_BODY = YES;
				CLANG_WARN_ENUM_CONVERSION = YES;
				CLANG_WARN_INFINITE_RECURSION = YES;
				CLANG_WARN_INT_CONVERSION = YES;
				CLANG_WARN_NON_LITERAL_NULL_CONVERSION = YES;
				CLANG_WARN_OBJC_IMPLICIT_RETAIN_SELF = YES;
				CLANG_WARN_OBJC_LITERAL_CONVERSION = YES;
				CLANG_WARN_OBJC_ROOT_CLASS = YES_ERROR;
				CLANG_WARN_QUOTED_INCLUDE_IN_FRAMEWORK_HEADER = YES;
				CLANG_WARN_RANGE_LOOP_ANALYSIS = YES;
				CLANG_WARN_STRICT_PROTOTYPES = YES;
				CLANG_WARN_SUSPICIOUS_MOVE = YES;
				CLANG_WARN_UNGUARDED_AVAILABILITY = YES_AGGRESSIVE;
				CLANG_WARN_UNREACHABLE_CODE = YES;
				CLANG_WARN__DUPLICATE_METHOD_MATCH = YES;
				COPY_PHASE_STRIP = NO;
				DEBUG_INFORMATION_FORMAT = dwarf;
				ENABLE_STRICT_OBJC_MSGSEND = YES;
				ENABLE_TESTABILITY = YES;
				GCC_C_LANGUAGE_STANDARD = gnu11;
				GCC_DYNAMIC_NO_PIC = NO;
				GCC_NO_COMMON_BLOCKS = YES;
				GCC_OPTIMIZATION_LEVEL = 0;
				GCC_PREPROCESSOR_DEFINITIONS = (
					"DEBUG=1",
					"$(inherited)",
				);
				GCC_WARN_64_TO_32_BIT_CONVERSION = YES;
				GCC_WARN_ABOUT_RETURN_TYPE = YES_ERROR;
				GCC_WARN_UNDECLARED_SELECTOR = YES;
				GCC_WARN_UNINITIALIZED_AUTOS = YES_AGGRESSIVE;
				GCC_WARN_UNUSED_FUNCTION = YES;
				GCC_WARN_UNUSED_VARIABLE = YES;
				IPHONEOS_DEPLOYMENT_TARGET = 16.2;
				MTL_ENABLE_DEBUG_INFO = INCLUDE_SOURCE;
				MTL_FAST_MATH = YES;
				ONLY_ACTIVE_ARCH = YES;
				SDKROOT = iphoneos;
				SWIFT_ACTIVE_COMPILATION_CONDITIONS = DEBUG;
				SWIFT_OPTIMIZATION_LEVEL = "-Onone";
			};
			name = Debug;
		};
		96B307022A86B221002F0A2A /* Release */ = {
			isa = XCBuildConfiguration;
			buildSettings = {
				ALWAYS_SEARCH_USER_PATHS = NO;
				CLANG_ANALYZER_NONNULL = YES;
				CLANG_ANALYZER_NUMBER_OBJECT_CONVERSION = YES_AGGRESSIVE;
				CLANG_CXX_LANGUAGE_STANDARD = "gnu++20";
				CLANG_ENABLE_MODULES = YES;
				CLANG_ENABLE_OBJC_ARC = YES;
				CLANG_ENABLE_OBJC_WEAK = YES;
				CLANG_WARN_BLOCK_CAPTURE_AUTORELEASING = YES;
				CLANG_WARN_BOOL_CONVERSION = YES;
				CLANG_WARN_COMMA = YES;
				CLANG_WARN_CONSTANT_CONVERSION = YES;
				CLANG_WARN_DEPRECATED_OBJC_IMPLEMENTATIONS = YES;
				CLANG_WARN_DIRECT_OBJC_ISA_USAGE = YES_ERROR;
				CLANG_WARN_DOCUMENTATION_COMMENTS = YES;
				CLANG_WARN_EMPTY_BODY = YES;
				CLANG_WARN_ENUM_CONVERSION = YES;
				CLANG_WARN_INFINITE_RECURSION = YES;
				CLANG_WARN_INT_CONVERSION = YES;
				CLANG_WARN_NON_LITERAL_NULL_CONVERSION = YES;
				CLANG_WARN_OBJC_IMPLICIT_RETAIN_SELF = YES;
				CLANG_WARN_OBJC_LITERAL_CONVERSION = YES;
				CLANG_WARN_OBJC_ROOT_CLASS = YES_ERROR;
				CLANG_WARN_QUOTED_INCLUDE_IN_FRAMEWORK_HEADER = YES;
				CLANG_WARN_RANGE_LOOP_ANALYSIS = YES;
				CLANG_WARN_STRICT_PROTOTYPES = YES;
				CLANG_WARN_SUSPICIOUS_MOVE = YES;
				CLANG_WARN_UNGUARDED_AVAILABILITY = YES_AGGRESSIVE;
				CLANG_WARN_UNREACHABLE_CODE = YES;
				CLANG_WARN__DUPLICATE_METHOD_MATCH = YES;
				COPY_PHASE_STRIP = NO;
				DEBUG_INFORMATION_FORMAT = "dwarf-with-dsym";
				ENABLE_NS_ASSERTIONS = NO;
				ENABLE_STRICT_OBJC_MSGSEND = YES;
				GCC_C_LANGUAGE_STANDARD = gnu11;
				GCC_NO_COMMON_BLOCKS = YES;
				GCC_WARN_64_TO_32_BIT_CONVERSION = YES;
				GCC_WARN_ABOUT_RETURN_TYPE = YES_ERROR;
				GCC_WARN_UNDECLARED_SELECTOR = YES;
				GCC_WARN_UNINITIALIZED_AUTOS = YES_AGGRESSIVE;
				GCC_WARN_UNUSED_FUNCTION = YES;
				GCC_WARN_UNUSED_VARIABLE = YES;
				IPHONEOS_DEPLOYMENT_TARGET = 16.2;
				MTL_ENABLE_DEBUG_INFO = NO;
				MTL_FAST_MATH = YES;
				SDKROOT = iphoneos;
				SWIFT_COMPILATION_MODE = wholemodule;
				SWIFT_OPTIMIZATION_LEVEL = "-O";
				VALIDATE_PRODUCT = YES;
			};
			name = Release;
		};
		96B307042A86B221002F0A2A /* Debug */ = {
			isa = XCBuildConfiguration;
			buildSettings = {
				ASSETCATALOG_COMPILER_APPICON_NAME = AppIcon;
				ASSETCATALOG_COMPILER_GLOBAL_ACCENT_COLOR_NAME = AccentColor;
				CODE_SIGN_STYLE = Automatic;
				CURRENT_PROJECT_VERSION = 1;
				DEVELOPMENT_ASSET_PATHS = "\"testProject/Preview Content\"";
				DEVELOPMENT_TEAM = XPPNJ4RN37;
				ENABLE_PREVIEWS = YES;
				GENERATE_INFOPLIST_FILE = YES;
				INFOPLIST_KEY_UIApplicationSceneManifest_Generation = YES;
				INFOPLIST_KEY_UIApplicationSupportsIndirectInputEvents = YES;
				INFOPLIST_KEY_UILaunchScreen_Generation = YES;
				INFOPLIST_KEY_UISupportedInterfaceOrientations_iPad = "UIInterfaceOrientationPortrait UIInterfaceOrientationPortraitUpsideDown UIInterfaceOrientationLandscapeLeft UIInterfaceOrientationLandscapeRight";
				INFOPLIST_KEY_UISupportedInterfaceOrientations_iPhone = "UIInterfaceOrientationPortrait UIInterfaceOrientationLandscapeLeft UIInterfaceOrientationLandscapeRight";
				LD_RUNPATH_SEARCH_PATHS = (
					"$(inherited)",
					"@executable_path/Frameworks",
				);
				MARKETING_VERSION = 1.0;
				PRODUCT_BUNDLE_IDENTIFIER = tinskrin.testProject;
				PRODUCT_NAME = "$(TARGET_NAME)";
				SWIFT_EMIT_LOC_STRINGS = YES;
				SWIFT_VERSION = 5.0;
				TARGETED_DEVICE_FAMILY = "1,2";
			};
			name = Debug;
		};
		96B307052A86B221002F0A2A /* Release */ = {
			isa = XCBuildConfiguration;
			buildSettings = {
				ASSETCATALOG_COMPILER_APPICON_NAME = AppIcon;
				ASSETCATALOG_COMPILER_GLOBAL_ACCENT_COLOR_NAME = AccentColor;
				CODE_SIGN_STYLE = Automatic;
				CURRENT_PROJECT_VERSION = 1;
				DEVELOPMENT_ASSET_PATHS = "\"testProject/Preview Content\"";
				DEVELOPMENT_TEAM = XPPNJ4RN37;
				ENABLE_PREVIEWS = YES;
				GENERATE_INFOPLIST_FILE = YES;
				INFOPLIST_KEY_UIApplicationSceneManifest_Generation = YES;
				INFOPLIST_KEY_UIApplicationSupportsIndirectInputEvents = YES;
				INFOPLIST_KEY_UILaunchScreen_Generation = YES;
				INFOPLIST_KEY_UISupportedInterfaceOrientations_iPad = "UIInterfaceOrientationPortrait UIInterfaceOrientationPortraitUpsideDown UIInterfaceOrientationLandscapeLeft UIInterfaceOrientationLandscapeRight";
				INFOPLIST_KEY_UISupportedInterfaceOrientations_iPhone = "UIInterfaceOrientationPortrait UIInterfaceOrientationLandscapeLeft UIInterfaceOrientationLandscapeRight";
				LD_RUNPATH_SEARCH_PATHS = (
					"$(inherited)",
					"@executable_path/Frameworks",
				);
				MARKETING_VERSION = 1.0;
				PRODUCT_BUNDLE_IDENTIFIER = tinskrin.testProject;
				PRODUCT_NAME = "$(TARGET_NAME)";
				SWIFT_EMIT_LOC_STRINGS = YES;
				SWIFT_VERSION = 5.0;
				TARGETED_DEVICE_FAMILY = "1,2";
			};
			name = Release;
		};
/* End XCBuildConfiguration section */

/* Begin XCConfigurationList section */
		96B306F02A86B21E002F0A2A /* Build configuration list for PBXProject "testProject" */ = {
			isa = XCConfigurationList;
			buildConfigurations = (
				96B307012A86B221002F0A2A /* Debug */,
				96B307022A86B221002F0A2A /* Release */,
			);
			defaultConfigurationIsVisible = 0;
			defaultConfigurationName = Release;
		};
		96B307032A86B221002F0A2A /* Build configuration list for PBXNativeTarget "testProject" */ = {
			isa = XCConfigurationList;
			buildConfigurations = (
				96B307042A86B221002F0A2A /* Debug */,
				96B307052A86B221002F0A2A /* Release */,
			);
			defaultConfigurationIsVisible = 0;
			defaultConfigurationName = Release;
		};
/* End XCConfigurationList section */
	};
	rootObject = 96B306ED2A86B21E002F0A2A /* Project object */;
}
